{
  "requires": true,
  "lockfileVersion": 1,
  "dependencies": {
    "@types/node": {
      "version": "15.12.1",
      "resolved": "https://registry.npmjs.org/@types/node/-/node-15.12.1.tgz",
      "integrity": "sha512-zyxJM8I1c9q5sRMtVF+zdd13Jt6RU4r4qfhTd7lQubyThvLfx6yYekWSQjGCGV2Tkecgxnlpl/DNlb6Hg+dmEw==",
      "dev": true
    }
  }
}
